// !$*UTF8*$!
{
	archiveVersion = 1;
	classes = {
	};
	objectVersion = 55;
	objects = {

/* Begin PBXBuildFile section */
		ABCBCB1B27424EB1006B1D05 /* piaxcoredataApp.swift in Sources */ = {isa = PBXBuildFile; fileRef = ABCBCB1A27424EB1006B1D05 /* piaxcoredataApp.swift */; };
		ABCBCB1D27424EB1006B1D05 /* ContentView.swift in Sources */ = {isa = PBXBuildFile; fileRef = ABCBCB1C27424EB1006B1D05 /* ContentView.swift */; };
		ABCBCB1F27424EB2006B1D05 /* Assets.xcassets in Resources */ = {isa = PBXBuildFile; fileRef = ABCBCB1E27424EB2006B1D05 /* Assets.xcassets */; };
		ABCBCB2227424EB2006B1D05 /* Preview Assets.xcassets in Resources */ = {isa = PBXBuildFile; fileRef = ABCBCB2127424EB2006B1D05 /* Preview Assets.xcassets */; };
		ABCBCB2427424EB2006B1D05 /* Persistence.swift in Sources */ = {isa = PBXBuildFile; fileRef = ABCBCB2327424EB2006B1D05 /* Persistence.swift */; };
		ABCBCB2727424EB2006B1D05 /* piaxcoredata.xcdatamodeld in Sources */ = {isa = PBXBuildFile; fileRef = ABCBCB2527424EB2006B1D05 /* piaxcoredata.xcdatamodeld */; };
/* End PBXBuildFile section */

/* Begin PBXFileReference section */
		ABCBCB1727424EB1006B1D05 /* piaxcoredata.app */ = {isa = PBXFileReference; explicitFileType = wrapper.application; includeInIndex = 0; path = piaxcoredata.app; sourceTree = BUILT_PRODUCTS_DIR; };
		ABCBCB1A27424EB1006B1D05 /* piaxcoredataApp.swift */ = {isa = PBXFileReference; lastKnownFileType = sourcecode.swift; path = piaxcoredataApp.swift; sourceTree = "<group>"; };
		ABCBCB1C27424EB1006B1D05 /* ContentView.swift */ = {isa = PBXFileReference; lastKnownFileType = sourcecode.swift; path = ContentView.swift; sourceTree = "<group>"; };
		ABCBCB1E27424EB2006B1D05 /* Assets.xcassets */ = {isa = PBXFileReference; lastKnownFileType = folder.assetcatalog; path = Assets.xcassets; sourceTree = "<group>"; };
		ABCBCB2127424EB2006B1D05 /* Preview Assets.xcassets */ = {isa = PBXFileReference; lastKnownFileType = folder.assetcatalog; path = "Preview Assets.xcassets"; sourceTree = "<group>"; };
		ABCBCB2327424EB2006B1D05 /* Persistence.swift */ = {isa = PBXFileReference; lastKnownFileType = sourcecode.swift; path = Persistence.swift; sourceTree = "<group>"; };
		ABCBCB2627424EB2006B1D05 /* piaxcoredata.xcdatamodel */ = {isa = PBXFileReference; lastKnownFileType = wrapper.xcdatamodel; path = piaxcoredata.xcdatamodel; sourceTree = "<group>"; };
/* End PBXFileReference section */

/* Begin PBXFrameworksBuildPhase section */
		ABCBCB1427424EB0006B1D05 /* Frameworks */ = {
			isa = PBXFrameworksBuildPhase;
			buildActionMask = 2147483647;
			files = (
			);
			runOnlyForDeploymentPostprocessing = 0;
		};
/* End PBXFrameworksBuildPhase section */

/* Begin PBXGroup section */
		ABCBCB0E27424EB0006B1D05 = {
			isa = PBXGroup;
			children = (
				ABCBCB1927424EB1006B1D05 /* piaxcoredata */,
				ABCBCB1827424EB1006B1D05 /* Products */,
			);
			sourceTree = "<group>";
		};
		ABCBCB1827424EB1006B1D05 /* Products */ = {
			isa = PBXGroup;
			children = (
				ABCBCB1727424EB1006B1D05 /* piaxcoredata.app */,
			);
			name = Products;
			sourceTree = "<group>";
		};
		ABCBCB1927424EB1006B1D05 /* piaxcoredata */ = {
			isa = PBXGroup;
			children = (
				ABCBCB1A27424EB1006B1D05 /* piaxcoredataApp.swift */,
				ABCBCB1C27424EB1006B1D05 /* ContentView.swift */,
				ABCBCB1E27424EB2006B1D05 /* Assets.xcassets */,
				ABCBCB2327424EB2006B1D05 /* Persistence.swift */,
				ABCBCB2527424EB2006B1D05 /* piaxcoredata.xcdatamodeld */,
				ABCBCB2027424EB2006B1D05 /* Preview Content */,
			);
			path = piaxcoredata;
			sourceTree = "<group>";
		};
		ABCBCB2027424EB2006B1D05 /* Preview Content */ = {
			isa = PBXGroup;
			children = (
				ABCBCB2127424EB2006B1D05 /* Preview Assets.xcassets */,
			);
			path = "Preview Content";
			sourceTree = "<group>";
		};
/* End PBXGroup section */

/* Begin PBXNativeTarget section */
		ABCBCB1627424EB0006B1D05 /* piaxcoredata */ = {
			isa = PBXNativeTarget;
			buildConfigurationList = ABCBCB2A27424EB2006B1D05 /* Build configuration list for PBXNativeTarget "piaxcoredata" */;
			buildPhases = (
				ABCBCB1327424EB0006B1D05 /* Sources */,
				ABCBCB1427424EB0006B1D05 /* Frameworks */,
				ABCBCB1527424EB0006B1D05 /* Resources */,
			);
			buildRules = (
			);
			dependencies = (
			);
			name = piaxcoredata;
			productName = piaxcoredata;
			productReference = ABCBCB1727424EB1006B1D05 /* piaxcoredata.app */;
			productType = "com.apple.product-type.application";
		};
/* End PBXNativeTarget section */

/* Begin PBXProject section */
		ABCBCB0F27424EB0006B1D05 /* Project object */ = {
			isa = PBXProject;
			attributes = {
				BuildIndependentTargetsInParallel = 1;
				LastSwiftUpdateCheck = 1310;
				LastUpgradeCheck = 1310;
				TargetAttributes = {
					ABCBCB1627424EB0006B1D05 = {
						CreatedOnToolsVersion = 13.1;
					};
				};
			};
			buildConfigurationList = ABCBCB1227424EB0006B1D05 /* Build configuration list for PBXProject "piaxcoredata" */;
			compatibilityVersion = "Xcode 13.0";
			developmentRegion = en;
			hasScannedForEncodings = 0;
			knownRegions = (
				en,
				Base,
			);
			mainGroup = ABCBCB0E27424EB0006B1D05;
			productRefGroup = ABCBCB1827424EB1006B1D05 /* Products */;
			projectDirPath = "";
			projectRoot = "";
			targets = (
				ABCBCB1627424EB0006B1D05 /* piaxcoredata */,
			);
		};
/* End PBXProject section */

/* Begin PBXResourcesBuildPhase section */
		ABCBCB1527424EB0006B1D05 /* Resources */ = {
			isa = PBXResourcesBuildPhase;
			buildActionMask = 2147483647;
			files = (
				ABCBCB2227424EB2006B1D05 /* Preview Assets.xcassets in Resources */,
				ABCBCB1F27424EB2006B1D05 /* Assets.xcassets in Resources */,
			);
			runOnlyForDeploymentPostprocessing = 0;
		};
/* End PBXResourcesBuildPhase section */

/* Begin PBXSourcesBuildPhase section */
		ABCBCB1327424EB0006B1D05 /* Sources */ = {
			isa = PBXSourcesBuildPhase;
			buildActionMask = 2147483647;
			files = (
				ABCBCB2427424EB2006B1D05 /* Persistence.swift in Sources */,
				ABCBCB1D27424EB1006B1D05 /* ContentView.swift in Sources */,
				ABCBCB2727424EB2006B1D05 /* piaxcoredata.xcdatamodeld in Sources */,
				ABCBCB1B27424EB1006B1D05 /* piaxcoredataApp.swift in Sources */,
			);
			runOnlyForDeploymentPostprocessing = 0;
		};
/* End PBXSourcesBuildPhase section */

/* Begin XCBuildConfiguration section */
		ABCBCB2827424EB2006B1D05 /* Debug */ = {
			isa = XCBuildConfiguration;
			buildSettings = {
				ALWAYS_SEARCH_USER_PATHS = NO;
				CLANG_ANALYZER_NONNULL = YES;
				CLANG_ANALYZER_NUMBER_OBJECT_CONVERSION = YES_AGGRESSIVE;
				CLANG_CXX_LANGUAGE_STANDARD = "gnu++17";
				CLANG_CXX_LIBRARY = "libc++";
				CLANG_ENABLE_MODULES = YES;
				CLANG_ENABLE_OBJC_ARC = YES;
				CLANG_ENABLE_OBJC_WEAK = YES;
				CLANG_WARN_BLOCK_CAPTURE_AUTORELEASING = YES;
				CLANG_WARN_BOOL_CONVERSION = YES;
				CLANG_WARN_COMMA = YES;
				CLANG_WARN_CONSTANT_CONVERSION = YES;
				CLANG_WARN_DEPRECATED_OBJC_IMPLEMENTATIONS = YES;
				CLANG_WARN_DIRECT_OBJC_ISA_USAGE = YES_ERROR;
				CLANG_WARN_DOCUMENTATION_COMMENTS = YES;
				CLANG_WARN_EMPTY_BODY = YES;
				CLANG_WARN_ENUM_CONVERSION = YES;
				CLANG_WARN_INFINITE_RECURSION = YES;
				CLANG_WARN_INT_CONVERSION = YES;
				CLANG_WARN_NON_LITERAL_NULL_CONVERSION = YES;
				CLANG_WARN_OBJC_IMPLICIT_RETAIN_SELF = YES;
				CLANG_WARN_OBJC_LITERAL_CONVERSION = YES;
				CLANG_WARN_OBJC_ROOT_CLASS = YES_ERROR;
				CLANG_WARN_QUOTED_INCLUDE_IN_FRAMEWORK_HEADER = YES;
				CLANG_WARN_RANGE_LOOP_ANALYSIS = YES;
				CLANG_WARN_STRICT_PROTOTYPES = YES;
				CLANG_WARN_SUSPICIOUS_MOVE = YES;
				CLANG_WARN_UNGUARDED_AVAILABILITY = YES_AGGRESSIVE;
				CLANG_WARN_UNREACHABLE_CODE = YES;
				CLANG_WARN__DUPLICATE_METHOD_MATCH = YES;
				COPY_PHASE_STRIP = NO;
				DEBUG_INFORMATION_FORMAT = dwarf;
				ENABLE_STRICT_OBJC_MSGSEND = YES;
				ENABLE_TESTABILITY = YES;
				GCC_C_LANGUAGE_STANDARD = gnu11;
				GCC_DYNAMIC_NO_PIC = NO;
				GCC_NO_COMMON_BLOCKS = YES;
				GCC_OPTIMIZATION_LEVEL = 0;
				GCC_PREPROCESSOR_DEFINITIONS = (
					"DEBUG=1",
					"$(inherited)",
				);
				GCC_WARN_64_TO_32_BIT_CONVERSION = YES;
				GCC_WARN_ABOUT_RETURN_TYPE = YES_ERROR;
				GCC_WARN_UNDECLARED_SELECTOR = YES;
				GCC_WARN_UNINITIALIZED_AUTOS = YES_AGGRESSIVE;
				GCC_WARN_UNUSED_FUNCTION = YES;
				GCC_WARN_UNUSED_VARIABLE = YES;
				IPHONEOS_DEPLOYMENT_TARGET = 15.0;
				MTL_ENABLE_DEBUG_INFO = INCLUDE_SOURCE;
				MTL_FAST_MATH = YES;
				ONLY_ACTIVE_ARCH = YES;
				SDKROOT = iphoneos;
				SWIFT_ACTIVE_COMPILATION_CONDITIONS = DEBUG;
				SWIFT_OPTIMIZATION_LEVEL = "-Onone";
			};
			name = Debug;
		};
		ABCBCB2927424EB2006B1D05 /* Release */ = {
			isa = XCBuildConfiguration;
			buildSettings = {
				ALWAYS_SEARCH_USER_PATHS = NO;
				CLANG_ANALYZER_NONNULL = YES;
				CLANG_ANALYZER_NUMBER_OBJECT_CONVERSION = YES_AGGRESSIVE;
				CLANG_CXX_LANGUAGE_STANDARD = "gnu++17";
				CLANG_CXX_LIBRARY = "libc++";
				CLANG_ENABLE_MODULES = YES;
				CLANG_ENABLE_OBJC_ARC = YES;
				CLANG_ENABLE_OBJC_WEAK = YES;
				CLANG_WARN_BLOCK_CAPTURE_AUTORELEASING = YES;
				CLANG_WARN_BOOL_CONVERSION = YES;
				CLANG_WARN_COMMA = YES;
				CLANG_WARN_CONSTANT_CONVERSION = YES;
				CLANG_WARN_DEPRECATED_OBJC_IMPLEMENTATIONS = YES;
				CLANG_WARN_DIRECT_OBJC_ISA_USAGE = YES_ERROR;
				CLANG_WARN_DOCUMENTATION_COMMENTS = YES;
				CLANG_WARN_EMPTY_BODY = YES;
				CLANG_WARN_ENUM_CONVERSION = YES;
				CLANG_WARN_INFINITE_RECURSION = YES;
				CLANG_WARN_INT_CONVERSION = YES;
				CLANG_WARN_NON_LITERAL_NULL_CONVERSION = YES;
				CLANG_WARN_OBJC_IMPLICIT_RETAIN_SELF = YES;
				CLANG_WARN_OBJC_LITERAL_CONVERSION = YES;
				CLANG_WARN_OBJC_ROOT_CLASS = YES_ERROR;
				CLANG_WARN_QUOTED_INCLUDE_IN_FRAMEWORK_HEADER = YES;
				CLANG_WARN_RANGE_LOOP_ANALYSIS = YES;
				CLANG_WARN_STRICT_PROTOTYPES = YES;
				CLANG_WARN_SUSPICIOUS_MOVE = YES;
				CLANG_WARN_UNGUARDED_AVAILABILITY = YES_AGGRESSIVE;
				CLANG_WARN_UNREACHABLE_CODE = YES;
				CLANG_WARN__DUPLICATE_METHOD_MATCH = YES;
				COPY_PHASE_STRIP = NO;
				DEBUG_INFORMATION_FORMAT = "dwarf-with-dsym";
				ENABLE_NS_ASSERTIONS = NO;
				ENABLE_STRICT_OBJC_MSGSEND = YES;
				GCC_C_LANGUAGE_STANDARD = gnu11;
				GCC_NO_COMMON_BLOCKS = YES;
				GCC_WARN_64_TO_32_BIT_CONVERSION = YES;
				GCC_WARN_ABOUT_RETURN_TYPE = YES_ERROR;
				GCC_WARN_UNDECLARED_SELECTOR = YES;
				GCC_WARN_UNINITIALIZED_AUTOS = YES_AGGRESSIVE;
				GCC_WARN_UNUSED_FUNCTION = YES;
				GCC_WARN_UNUSED_VARIABLE = YES;
				IPHONEOS_DEPLOYMENT_TARGET = 15.0;
				MTL_ENABLE_DEBUG_INFO = NO;
				MTL_FAST_MATH = YES;
				SDKROOT = iphoneos;
				SWIFT_COMPILATION_MODE = wholemodule;
				SWIFT_OPTIMIZATION_LEVEL = "-O";
				VALIDATE_PRODUCT = YES;
			};
			name = Release;
		};
		ABCBCB2B27424EB2006B1D05 /* Debug */ = {
			isa = XCBuildConfiguration;
			buildSettings = {
				ASSETCATALOG_COMPILER_APPICON_NAME = AppIcon;
				ASSETCATALOG_COMPILER_GLOBAL_ACCENT_COLOR_NAME = AccentColor;
				CODE_SIGN_STYLE = Automatic;
				CURRENT_PROJECT_VERSION = 1;
				DEVELOPMENT_ASSET_PATHS = "\"piaxcoredata/Preview Content\"";
				DEVELOPMENT_TEAM = 6SGQZ32758;
				ENABLE_PREVIEWS = YES;
				GENERATE_INFOPLIST_FILE = YES;
				INFOPLIST_KEY_UIApplicationSceneManifest_Generation = YES;
				INFOPLIST_KEY_UIApplicationSupportsIndirectInputEvents = YES;
				INFOPLIST_KEY_UILaunchScreen_Generation = YES;
				INFOPLIST_KEY_UISupportedInterfaceOrientations_iPad = "UIInterfaceOrientationPortrait UIInterfaceOrientationPortraitUpsideDown UIInterfaceOrientationLandscapeLeft UIInterfaceOrientationLandscapeRight";
				INFOPLIST_KEY_UISupportedInterfaceOrientations_iPhone = "UIInterfaceOrientationPortrait UIInterfaceOrientationLandscapeLeft UIInterfaceOrientationLandscapeRight";
				LD_RUNPATH_SEARCH_PATHS = (
					"$(inherited)",
					"@executable_path/Frameworks",
				);
				MARKETING_VERSION = 1.0;
				PRODUCT_BUNDLE_IDENTIFIER = se.magictechnology.piaxcoredata;
				PRODUCT_NAME = "$(TARGET_NAME)";
				SWIFT_EMIT_LOC_STRINGS = YES;
				SWIFT_VERSION = 5.0;
				TARGETED_DEVICE_FAMILY = "1,2";
			};
			name = Debug;
		};
		ABCBCB2C27424EB2006B1D05 /* Release */ = {
			isa = XCBuildConfiguration;
			buildSettings = {
				ASSETCATALOG_COMPILER_APPICON_NAME = AppIcon;
				ASSETCATALOG_COMPILER_GLOBAL_ACCENT_COLOR_NAME = AccentColor;
				CODE_SIGN_STYLE = Automatic;
				CURRENT_PROJECT_VERSION = 1;
				DEVELOPMENT_ASSET_PATHS = "\"piaxcoredata/Preview Content\"";
				DEVELOPMENT_TEAM = 6SGQZ32758;
				ENABLE_PREVIEWS = YES;
				GENERATE_INFOPLIST_FILE = YES;
				INFOPLIST_KEY_UIApplicationSceneManifest_Generation = YES;
				INFOPLIST_KEY_UIApplicationSupportsIndirectInputEvents = YES;
				INFOPLIST_KEY_UILaunchScreen_Generation = YES;
				INFOPLIST_KEY_UISupportedInterfaceOrientations_iPad = "UIInterfaceOrientationPortrait UIInterfaceOrientationPortraitUpsideDown UIInterfaceOrientationLandscapeLeft UIInterfaceOrientationLandscapeRight";
				INFOPLIST_KEY_UISupportedInterfaceOrientations_iPhone = "UIInterfaceOrientationPortrait UIInterfaceOrientationLandscapeLeft UIInterfaceOrientationLandscapeRight";
				LD_RUNPATH_SEARCH_PATHS = (
					"$(inherited)",
					"@executable_path/Frameworks",
				);
				MARKETING_VERSION = 1.0;
				PRODUCT_BUNDLE_IDENTIFIER = se.magictechnology.piaxcoredata;
				PRODUCT_NAME = "$(TARGET_NAME)";
				SWIFT_EMIT_LOC_STRINGS = YES;
				SWIFT_VERSION = 5.0;
				TARGETED_DEVICE_FAMILY = "1,2";
			};
			name = Release;
		};
/* End XCBuildConfiguration section */

/* Begin XCConfigurationList section */
		ABCBCB1227424EB0006B1D05 /* Build configuration list for PBXProject "piaxcoredata" */ = {
			isa = XCConfigurationList;
			buildConfigurations = (
				ABCBCB2827424EB2006B1D05 /* Debug */,
				ABCBCB2927424EB2006B1D05 /* Release */,
			);
			defaultConfigurationIsVisible = 0;
			defaultConfigurationName = Release;
		};
		ABCBCB2A27424EB2006B1D05 /* Build configuration list for PBXNativeTarget "piaxcoredata" */ = {
			isa = XCConfigurationList;
			buildConfigurations = (
				ABCBCB2B27424EB2006B1D05 /* Debug */,
				ABCBCB2C27424EB2006B1D05 /* Release */,
			);
			defaultConfigurationIsVisible = 0;
			defaultConfigurationName = Release;
		};
/* End XCConfigurationList section */

/* Begin XCVersionGroup section */
		ABCBCB2527424EB2006B1D05 /* piaxcoredata.xcdatamodeld */ = {
			isa = XCVersionGroup;
			children = (
				ABCBCB2627424EB2006B1D05 /* piaxcoredata.xcdatamodel */,
			);
			currentVersion = ABCBCB2627424EB2006B1D05 /* piaxcoredata.xcdatamodel */;
			path = piaxcoredata.xcdatamodeld;
			sourceTree = "<group>";
			versionGroupType = wrapper.xcdatamodel;
		};
/* End XCVersionGroup section */
	};
	rootObject = ABCBCB0F27424EB0006B1D05 /* Project object */;
}
